
Microsoft Visual Studio Solution File, Format Version 12.00
# Visual Studio Version 17
VisualStudioVersion = 17.1.32421.90
MinimumVisualStudioVersion = 10.0.40219.1
Project("{9A19103F-16F7-4668-BE54-9A1E7A4F7556}") = "UnitDemo.Program", "demo-console-app\UnitDemo.Program.csproj", "{191C47B9-1B64-4D0A-BB5E-E6C34339C247}"
EndProject
Project("{9A19103F-16F7-4668-BE54-9A1E7A4F7556}") = "UnitDemo.Library", "demo-library\UnitDemo.Library.csproj", "{6A3C712C-9A58-4D0D-90BB-36D706909AE8}"
EndProject
Global
	GlobalSection(SolutionConfigurationPlatforms) = preSolution
		Debug|Any CPU = Debug|Any CPU
		Release|Any CPU = Release|Any CPU
	EndGlobalSection
	GlobalSection(ProjectConfigurationPlatforms) = postSolution
		{191C47B9-1B64-4D0A-BB5E-E6C34339C247}.Debug|Any CPU.ActiveCfg = Debug|Any CPU
		{191C47B9-1B64-4D0A-BB5E-E6C34339C247}.Debug|Any CPU.Build.0 = Debug|Any CPU
		{191C47B9-1B64-4D0A-BB5E-E6C34339C247}.Release|Any CPU.ActiveCfg = Release|Any CPU
		{191C47B9-1B64-4D0A-BB5E-E6C34339C247}.Release|Any CPU.Build.0 = Release|Any CPU
		{6A3C712C-9A58-4D0D-90BB-36D706909AE8}.Debug|Any CPU.ActiveCfg = Debug|Any CPU
		{6A3C712C-9A58-4D0D-90BB-36D706909AE8}.Debug|Any CPU.Build.0 = Debug|Any CPU
		{6A3C712C-9A58-4D0D-90BB-36D706909AE8}.Release|Any CPU.ActiveCfg = Release|Any CPU
		{6A3C712C-9A58-4D0D-90BB-36D706909AE8}.Release|Any CPU.Build.0 = Release|Any CPU
	EndGlobalSection
	GlobalSection(SolutionProperties) = preSolution
		HideSolutionNode = FALSE
	EndGlobalSection
	GlobalSection(ExtensibilityGlobals) = postSolution
		SolutionGuid = {D049CE6B-DA84-4D72-99A6-F2D00C4F75EB}
	EndGlobalSection
EndGlobal
